{
  "name": "klink-api",
  "lockfileVersion": 3,
  "requires": true,
  "packages": {
    "": {
      "name": "klink-api",
      "dependencies": {
        "@fal-ai/server-proxy": "^1.1.2"
      }
    },
    "node_modules/@fal-ai/server-proxy": {
      "version": "1.2.1",
      "resolved": "https://registry.npmjs.org/@fal-ai/server-proxy/-/server-proxy-1.2.1.tgz",
      "integrity": "sha512-A2HT3ppvdK0rmULPWQ4ipEDb5LkUtcn8q72N6jwlhpSNIn50/2d68kaNxDqpE/re7ExyzS7SM3z0D1+Uo7H3bA==",
      "license": "MIT",
      "dependencies": {
        "picomatch": "^4.0.0"
      },
      "peerDependencies": {
        "@remix-run/dev": "^2.0.0",
        "@sveltejs/kit": "^2.0.0",
        "express": "^4.0.0",
        "hono": "^4.0.0",
        "next": "13.4 - 14 || >=15.0.0-0",
        "react": "^18.0.0 || >=19.0.0-0",
        "react-dom": "^18.0.0 || >=19.0.0-0"
      },
      "peerDependenciesMeta": {
        "@remix-run/dev": {
          "optional": true
        },
        "@sveltejs/kit": {
          "optional": true
        },
        "express": {
          "optional": true
        },
        "hono": {
          "optional": true
        },
        "next": {
          "optional": true
        },
        "react": {
          "optional": true
        },
        "react-dom": {
          "optional": true
        }
      }
    },
    "node_modules/picomatch": {
      "version": "4.0.5",
      "resolved": "https://registry.npmjs.org/picomatch/-/picomatch-4.0.5.tgz",
      "integrity": "sha512-RvwwcruNjI1ncT5xRakeyS9Lf8lcItv34KD+aif+VH9kduAyfYBipGh12274xtenIPZ119/R9BdTBa8gAwSh0A==",
      "license": "MIT",
      "engines": {
        "node": ">=12"
      },
      "funding": {
        "url": "https://github.com/sponsors/jonschlinkert"
      }
    }
  }
}
